// !$*UTF8*$!
{
	archiveVersion = 1;
	classes = {
	};
	objectVersion = 56;
	objects = {

/* Begin PBXBuildFile section */
		5326A4B72A930A1200A8BD4B /* AppDelegate.swift in Sources */ = {isa = PBXBuildFile; fileRef = 5326A4B62A930A1200A8BD4B /* AppDelegate.swift */; };
		5326A4B92A930A1200A8BD4B /* SceneDelegate.swift in Sources */ = {isa = PBXBuildFile; fileRef = 5326A4B82A930A1200A8BD4B /* SceneDelegate.swift */; };
		5326A4BB2A930A1200A8BD4B /* ViewController.swift in Sources */ = {isa = PBXBuildFile; fileRef = 5326A4BA2A930A1200A8BD4B /* ViewController.swift */; };
		5326A4BE2A930A1200A8BD4B /* Main.storyboard in Resources */ = {isa = PBXBuildFile; fileRef = 5326A4BC2A930A1200A8BD4B /* Main.storyboard */; };
		5326A4C02A930A1400A8BD4B /* Assets.xcassets in Resources */ = {isa = PBXBuildFile; fileRef = 5326A4BF2A930A1400A8BD4B /* Assets.xcassets */; };
		5326A4C32A930A1400A8BD4B /* LaunchScreen.storyboard in Resources */ = {isa = PBXBuildFile; fileRef = 5326A4C12A930A1400A8BD4B /* LaunchScreen.storyboard */; };
		5326A4CE2A94461B00A8BD4B /* SnapKit in Frameworks */ = {isa = PBXBuildFile; productRef = 5326A4CD2A94461B00A8BD4B /* SnapKit */; };
		5326A4D12A94467800A8BD4B /* SnapViewController.swift in Sources */ = {isa = PBXBuildFile; fileRef = 5326A4D02A94467800A8BD4B /* SnapViewController.swift */; };
		5326A4D32A945CBF00A8BD4B /* TextViewController.swift in Sources */ = {isa = PBXBuildFile; fileRef = 5326A4D22A945CBF00A8BD4B /* TextViewController.swift */; };
		5326A4D52A94793A00A8BD4B /* LocationViewController.swift in Sources */ = {isa = PBXBuildFile; fileRef = 5326A4D42A94793A00A8BD4B /* LocationViewController.swift */; };
		5326A4D82A94986000A8BD4B /* ExampleViewController.swift in Sources */ = {isa = PBXBuildFile; fileRef = 5326A4D72A94986000A8BD4B /* ExampleViewController.swift */; };
		5326A4DA2A94987100A8BD4B /* Example.storyboard in Resources */ = {isa = PBXBuildFile; fileRef = 5326A4D92A94987100A8BD4B /* Example.storyboard */; };
		5326A4DC2A94A02400A8BD4B /* SecondViewController.swift in Sources */ = {isa = PBXBuildFile; fileRef = 5326A4DB2A94A02400A8BD4B /* SecondViewController.swift */; };
		5326A4DE2A95829C00A8BD4B /* ThirdViewController.swift in Sources */ = {isa = PBXBuildFile; fileRef = 5326A4DD2A95829C00A8BD4B /* ThirdViewController.swift */; };
/* End PBXBuildFile section */

/* Begin PBXFileReference section */
		5326A4B32A930A1200A8BD4B /* StudyWeek6.app */ = {isa = PBXFileReference; explicitFileType = wrapper.application; includeInIndex = 0; path = StudyWeek6.app; sourceTree = BUILT_PRODUCTS_DIR; };
		5326A4B62A930A1200A8BD4B /* AppDelegate.swift */ = {isa = PBXFileReference; lastKnownFileType = sourcecode.swift; path = AppDelegate.swift; sourceTree = "<group>"; };
		5326A4B82A930A1200A8BD4B /* SceneDelegate.swift */ = {isa = PBXFileReference; lastKnownFileType = sourcecode.swift; path = SceneDelegate.swift; sourceTree = "<group>"; };
		5326A4BA2A930A1200A8BD4B /* ViewController.swift */ = {isa = PBXFileReference; lastKnownFileType = sourcecode.swift; path = ViewController.swift; sourceTree = "<group>"; };
		5326A4BD2A930A1200A8BD4B /* Base */ = {isa = PBXFileReference; lastKnownFileType = file.storyboard; name = Base; path = Base.lproj/Main.storyboard; sourceTree = "<group>"; };
		5326A4BF2A930A1400A8BD4B /* Assets.xcassets */ = {isa = PBXFileReference; lastKnownFileType = folder.assetcatalog; path = Assets.xcassets; sourceTree = "<group>"; };
		5326A4C22A930A1400A8BD4B /* Base */ = {isa = PBXFileReference; lastKnownFileType = file.storyboard; name = Base; path = Base.lproj/LaunchScreen.storyboard; sourceTree = "<group>"; };
		5326A4C42A930A1400A8BD4B /* Info.plist */ = {isa = PBXFileReference; lastKnownFileType = text.plist.xml; path = Info.plist; sourceTree = "<group>"; };
		5326A4D02A94467800A8BD4B /* SnapViewController.swift */ = {isa = PBXFileReference; lastKnownFileType = sourcecode.swift; path = SnapViewController.swift; sourceTree = "<group>"; };
		5326A4D22A945CBF00A8BD4B /* TextViewController.swift */ = {isa = PBXFileReference; lastKnownFileType = sourcecode.swift; path = TextViewController.swift; sourceTree = "<group>"; };
		5326A4D42A94793A00A8BD4B /* LocationViewController.swift */ = {isa = PBXFileReference; lastKnownFileType = sourcecode.swift; path = LocationViewController.swift; sourceTree = "<group>"; };
		5326A4D72A94986000A8BD4B /* ExampleViewController.swift */ = {isa = PBXFileReference; lastKnownFileType = sourcecode.swift; path = ExampleViewController.swift; sourceTree = "<group>"; };
		5326A4D92A94987100A8BD4B /* Example.storyboard */ = {isa = PBXFileReference; lastKnownFileType = file.storyboard; path = Example.storyboard; sourceTree = "<group>"; };
		5326A4DB2A94A02400A8BD4B /* SecondViewController.swift */ = {isa = PBXFileReference; lastKnownFileType = sourcecode.swift; path = SecondViewController.swift; sourceTree = "<group>"; };
		5326A4DD2A95829C00A8BD4B /* ThirdViewController.swift */ = {isa = PBXFileReference; lastKnownFileType = sourcecode.swift; path = ThirdViewController.swift; sourceTree = "<group>"; };
/* End PBXFileReference section */

/* Begin PBXFrameworksBuildPhase section */
		5326A4B02A930A1200A8BD4B /* Frameworks */ = {
			isa = PBXFrameworksBuildPhase;
			buildActionMask = 2147483647;
			files = (
				5326A4CE2A94461B00A8BD4B /* SnapKit in Frameworks */,
			);
			runOnlyForDeploymentPostprocessing = 0;
		};
/* End PBXFrameworksBuildPhase section */

/* Begin PBXGroup section */
		5326A4AA2A930A1200A8BD4B = {
			isa = PBXGroup;
			children = (
				5326A4D62A94982800A8BD4B /* Assignment */,
				5326A4B52A930A1200A8BD4B /* StudyWeek6 */,
				5326A4B42A930A1200A8BD4B /* Products */,
			);
			sourceTree = "<group>";
		};
		5326A4B42A930A1200A8BD4B /* Products */ = {
			isa = PBXGroup;
			children = (
				5326A4B32A930A1200A8BD4B /* StudyWeek6.app */,
			);
			name = Products;
			sourceTree = "<group>";
		};
		5326A4B52A930A1200A8BD4B /* StudyWeek6 */ = {
			isa = PBXGroup;
			children = (
				5326A4CF2A94464700A8BD4B /* Test */,
				5326A4B62A930A1200A8BD4B /* AppDelegate.swift */,
				5326A4B82A930A1200A8BD4B /* SceneDelegate.swift */,
				5326A4BA2A930A1200A8BD4B /* ViewController.swift */,
				5326A4BC2A930A1200A8BD4B /* Main.storyboard */,
				5326A4BF2A930A1400A8BD4B /* Assets.xcassets */,
				5326A4C12A930A1400A8BD4B /* LaunchScreen.storyboard */,
				5326A4C42A930A1400A8BD4B /* Info.plist */,
				5326A4D42A94793A00A8BD4B /* LocationViewController.swift */,
			);
			path = StudyWeek6;
			sourceTree = "<group>";
		};
		5326A4CF2A94464700A8BD4B /* Test */ = {
			isa = PBXGroup;
			children = (
				5326A4D02A94467800A8BD4B /* SnapViewController.swift */,
				5326A4D22A945CBF00A8BD4B /* TextViewController.swift */,
			);
			path = Test;
			sourceTree = "<group>";
		};
		5326A4D62A94982800A8BD4B /* Assignment */ = {
			isa = PBXGroup;
			children = (
				5326A4D72A94986000A8BD4B /* ExampleViewController.swift */,
				5326A4DB2A94A02400A8BD4B /* SecondViewController.swift */,
				5326A4DD2A95829C00A8BD4B /* ThirdViewController.swift */,
				5326A4D92A94987100A8BD4B /* Example.storyboard */,
			);
			path = Assignment;
			sourceTree = "<group>";
		};
/* End PBXGroup section */

/* Begin PBXNativeTarget section */
		5326A4B22A930A1200A8BD4B /* StudyWeek6 */ = {
			isa = PBXNativeTarget;
			buildConfigurationList = 5326A4C72A930A1400A8BD4B /* Build configuration list for PBXNativeTarget "StudyWeek6" */;
			buildPhases = (
				5326A4AF2A930A1200A8BD4B /* Sources */,
				5326A4B02A930A1200A8BD4B /* Frameworks */,
				5326A4B12A930A1200A8BD4B /* Resources */,
			);
			buildRules = (
			);
			dependencies = (
			);
			name = StudyWeek6;
			packageProductDependencies = (
				5326A4CD2A94461B00A8BD4B /* SnapKit */,
			);
			productName = StudyWeek6;
			productReference = 5326A4B32A930A1200A8BD4B /* StudyWeek6.app */;
			productType = "com.apple.product-type.application";
		};
/* End PBXNativeTarget section */

/* Begin PBXProject section */
		5326A4AB2A930A1200A8BD4B /* Project object */ = {
			isa = PBXProject;
			attributes = {
				BuildIndependentTargetsInParallel = 1;
				LastSwiftUpdateCheck = 1430;
				LastUpgradeCheck = 1430;
				TargetAttributes = {
					5326A4B22A930A1200A8BD4B = {
						CreatedOnToolsVersion = 14.3.1;
					};
				};
			};
			buildConfigurationList = 5326A4AE2A930A1200A8BD4B /* Build configuration list for PBXProject "StudyWeek6" */;
			compatibilityVersion = "Xcode 14.0";
			developmentRegion = en;
			hasScannedForEncodings = 0;
			knownRegions = (
				en,
				Base,
			);
			mainGroup = 5326A4AA2A930A1200A8BD4B;
			packageReferences = (
				5326A4CC2A94461B00A8BD4B /* XCRemoteSwiftPackageReference "SnapKit" */,
			);
			productRefGroup = 5326A4B42A930A1200A8BD4B /* Products */;
			projectDirPath = "";
			projectRoot = "";
			targets = (
				5326A4B22A930A1200A8BD4B /* StudyWeek6 */,
			);
		};
/* End PBXProject section */

/* Begin PBXResourcesBuildPhase section */
		5326A4B12A930A1200A8BD4B /* Resources */ = {
			isa = PBXResourcesBuildPhase;
			buildActionMask = 2147483647;
			files = (
				5326A4C32A930A1400A8BD4B /* LaunchScreen.storyboard in Resources */,
				5326A4DA2A94987100A8BD4B /* Example.storyboard in Resources */,
				5326A4C02A930A1400A8BD4B /* Assets.xcassets in Resources */,
				5326A4BE2A930A1200A8BD4B /* Main.storyboard in Resources */,
			);
			runOnlyForDeploymentPostprocessing = 0;
		};
/* End PBXResourcesBuildPhase section */

/* Begin PBXSourcesBuildPhase section */
		5326A4AF2A930A1200A8BD4B /* Sources */ = {
			isa = PBXSourcesBuildPhase;
			buildActionMask = 2147483647;
			files = (
				5326A4DC2A94A02400A8BD4B /* SecondViewController.swift in Sources */,
				5326A4DE2A95829C00A8BD4B /* ThirdViewController.swift in Sources */,
				5326A4D32A945CBF00A8BD4B /* TextViewController.swift in Sources */,
				5326A4D12A94467800A8BD4B /* SnapViewController.swift in Sources */,
				5326A4BB2A930A1200A8BD4B /* ViewController.swift in Sources */,
				5326A4D52A94793A00A8BD4B /* LocationViewController.swift in Sources */,
				5326A4D82A94986000A8BD4B /* ExampleViewController.swift in Sources */,
				5326A4B72A930A1200A8BD4B /* AppDelegate.swift in Sources */,
				5326A4B92A930A1200A8BD4B /* SceneDelegate.swift in Sources */,
			);
			runOnlyForDeploymentPostprocessing = 0;
		};
/* End PBXSourcesBuildPhase section */

/* Begin PBXVariantGroup section */
		5326A4BC2A930A1200A8BD4B /* Main.storyboard */ = {
			isa = PBXVariantGroup;
			children = (
				5326A4BD2A930A1200A8BD4B /* Base */,
			);
			name = Main.storyboard;
			sourceTree = "<group>";
		};
		5326A4C12A930A1400A8BD4B /* LaunchScreen.storyboard */ = {
			isa = PBXVariantGroup;
			children = (
				5326A4C22A930A1400A8BD4B /* Base */,
			);
			name = LaunchScreen.storyboard;
			sourceTree = "<group>";
		};
/* End PBXVariantGroup section */

/* Begin XCBuildConfiguration section */
		5326A4C52A930A1400A8BD4B /* Debug */ = {
			isa = XCBuildConfiguration;
			buildSettings = {
				ALWAYS_SEARCH_USER_PATHS = NO;
				CLANG_ANALYZER_NONNULL = YES;
				CLANG_ANALYZER_NUMBER_OBJECT_CONVERSION = YES_AGGRESSIVE;
				CLANG_CXX_LANGUAGE_STANDARD = "gnu++20";
				CLANG_ENABLE_MODULES = YES;
				CLANG_ENABLE_OBJC_ARC = YES;
				CLANG_ENABLE_OBJC_WEAK = YES;
				CLANG_WARN_BLOCK_CAPTURE_AUTORELEASING = YES;
				CLANG_WARN_BOOL_CONVERSION = YES;
				CLANG_WARN_COMMA = YES;
				CLANG_WARN_CONSTANT_CONVERSION = YES;
				CLANG_WARN_DEPRECATED_OBJC_IMPLEMENTATIONS = YES;
				CLANG_WARN_DIRECT_OBJC_ISA_USAGE = YES_ERROR;
				CLANG_WARN_DOCUMENTATION_COMMENTS = YES;
				CLANG_WARN_EMPTY_BODY = YES;
				CLANG_WARN_ENUM_CONVERSION = YES;
				CLANG_WARN_INFINITE_RECURSION = YES;
				CLANG_WARN_INT_CONVERSION = YES;
				CLANG_WARN_NON_LITERAL_NULL_CONVERSION = YES;
				CLANG_WARN_OBJC_IMPLICIT_RETAIN_SELF = YES;
				CLANG_WARN_OBJC_LITERAL_CONVERSION = YES;
				CLANG_WARN_OBJC_ROOT_CLASS = YES_ERROR;
				CLANG_WARN_QUOTED_INCLUDE_IN_FRAMEWORK_HEADER = YES;
				CLANG_WARN_RANGE_LOOP_ANALYSIS = YES;
				CLANG_WARN_STRICT_PROTOTYPES = YES;
				CLANG_WARN_SUSPICIOUS_MOVE = YES;
				CLANG_WARN_UNGUARDED_AVAILABILITY = YES_AGGRESSIVE;
				CLANG_WARN_UNREACHABLE_CODE = YES;
				CLANG_WARN__DUPLICATE_METHOD_MATCH = YES;
				COPY_PHASE_STRIP = NO;
				DEBUG_INFORMATION_FORMAT = dwarf;
				ENABLE_STRICT_OBJC_MSGSEND = YES;
				ENABLE_TESTABILITY = YES;
				GCC_C_LANGUAGE_STANDARD = gnu11;
				GCC_DYNAMIC_NO_PIC = NO;
				GCC_NO_COMMON_BLOCKS = YES;
				GCC_OPTIMIZATION_LEVEL = 0;
				GCC_PREPROCESSOR_DEFINITIONS = (
					"DEBUG=1",
					"$(inherited)",
				);
				GCC_WARN_64_TO_32_BIT_CONVERSION = YES;
				GCC_WARN_ABOUT_RETURN_TYPE = YES_ERROR;
				GCC_WARN_UNDECLARED_SELECTOR = YES;
				GCC_WARN_UNINITIALIZED_AUTOS = YES_AGGRESSIVE;
				GCC_WARN_UNUSED_FUNCTION = YES;
				GCC_WARN_UNUSED_VARIABLE = YES;
				IPHONEOS_DEPLOYMENT_TARGET = 16.4;
				MTL_ENABLE_DEBUG_INFO = INCLUDE_SOURCE;
				MTL_FAST_MATH = YES;
				ONLY_ACTIVE_ARCH = YES;
				SDKROOT = iphoneos;
				SWIFT_ACTIVE_COMPILATION_CONDITIONS = DEBUG;
				SWIFT_OPTIMIZATION_LEVEL = "-Onone";
			};
			name = Debug;
		};
		5326A4C62A930A1400A8BD4B /* Release */ = {
			isa = XCBuildConfiguration;
			buildSettings = {
				ALWAYS_SEARCH_USER_PATHS = NO;
				CLANG_ANALYZER_NONNULL = YES;
				CLANG_ANALYZER_NUMBER_OBJECT_CONVERSION = YES_AGGRESSIVE;
				CLANG_CXX_LANGUAGE_STANDARD = "gnu++20";
				CLANG_ENABLE_MODULES = YES;
				CLANG_ENABLE_OBJC_ARC = YES;
				CLANG_ENABLE_OBJC_WEAK = YES;
				CLANG_WARN_BLOCK_CAPTURE_AUTORELEASING = YES;
				CLANG_WARN_BOOL_CONVERSION = YES;
				CLANG_WARN_COMMA = YES;
				CLANG_WARN_CONSTANT_CONVERSION = YES;
				CLANG_WARN_DEPRECATED_OBJC_IMPLEMENTATIONS = YES;
				CLANG_WARN_DIRECT_OBJC_ISA_USAGE = YES_ERROR;
				CLANG_WARN_DOCUMENTATION_COMMENTS = YES;
				CLANG_WARN_EMPTY_BODY = YES;
				CLANG_WARN_ENUM_CONVERSION = YES;
				CLANG_WARN_INFINITE_RECURSION = YES;
				CLANG_WARN_INT_CONVERSION = YES;
				CLANG_WARN_NON_LITERAL_NULL_CONVERSION = YES;
				CLANG_WARN_OBJC_IMPLICIT_RETAIN_SELF = YES;
				CLANG_WARN_OBJC_LITERAL_CONVERSION = YES;
				CLANG_WARN_OBJC_ROOT_CLASS = YES_ERROR;
				CLANG_WARN_QUOTED_INCLUDE_IN_FRAMEWORK_HEADER = YES;
				CLANG_WARN_RANGE_LOOP_ANALYSIS = YES;
				CLANG_WARN_STRICT_PROTOTYPES = YES;
				CLANG_WARN_SUSPICIOUS_MOVE = YES;
				CLANG_WARN_UNGUARDED_AVAILABILITY = YES_AGGRESSIVE;
				CLANG_WARN_UNREACHABLE_CODE = YES;
				CLANG_WARN__DUPLICATE_METHOD_MATCH = YES;
				COPY_PHASE_STRIP = NO;
				DEBUG_INFORMATION_FORMAT = "dwarf-with-dsym";
				ENABLE_NS_ASSERTIONS = NO;
				ENABLE_STRICT_OBJC_MSGSEND = YES;
				GCC_C_LANGUAGE_STANDARD = gnu11;
				GCC_NO_COMMON_BLOCKS = YES;
				GCC_WARN_64_TO_32_BIT_CONVERSION = YES;
				GCC_WARN_ABOUT_RETURN_TYPE = YES_ERROR;
				GCC_WARN_UNDECLARED_SELECTOR = YES;
				GCC_WARN_UNINITIALIZED_AUTOS = YES_AGGRESSIVE;
				GCC_WARN_UNUSED_FUNCTION = YES;
				GCC_WARN_UNUSED_VARIABLE = YES;
				IPHONEOS_DEPLOYMENT_TARGET = 16.4;
				MTL_ENABLE_DEBUG_INFO = NO;
				MTL_FAST_MATH = YES;
				SDKROOT = iphoneos;
				SWIFT_COMPILATION_MODE = wholemodule;
				SWIFT_OPTIMIZATION_LEVEL = "-O";
				VALIDATE_PRODUCT = YES;
			};
			name = Release;
		};
		5326A4C82A930A1400A8BD4B /* Debug */ = {
			isa = XCBuildConfiguration;
			buildSettings = {
				ASSETCATALOG_COMPILER_APPICON_NAME = AppIcon;
				ASSETCATALOG_COMPILER_GLOBAL_ACCENT_COLOR_NAME = AccentColor;
				CODE_SIGN_STYLE = Automatic;
				CURRENT_PROJECT_VERSION = 1;
				DEVELOPMENT_TEAM = KLYH4UN5ZC;
				GENERATE_INFOPLIST_FILE = YES;
				INFOPLIST_FILE = StudyWeek6/Info.plist;
				INFOPLIST_KEY_NSLocationWhenInUseUsageDescription = "필요";
				INFOPLIST_KEY_UIApplicationSupportsIndirectInputEvents = YES;
				INFOPLIST_KEY_UILaunchStoryboardName = LaunchScreen;
				INFOPLIST_KEY_UIMainStoryboardFile = Main;
				INFOPLIST_KEY_UISupportedInterfaceOrientations_iPad = "UIInterfaceOrientationPortrait UIInterfaceOrientationPortraitUpsideDown UIInterfaceOrientationLandscapeLeft UIInterfaceOrientationLandscapeRight";
				INFOPLIST_KEY_UISupportedInterfaceOrientations_iPhone = "UIInterfaceOrientationPortrait UIInterfaceOrientationLandscapeLeft UIInterfaceOrientationLandscapeRight";
				LD_RUNPATH_SEARCH_PATHS = (
					"$(inherited)",
					"@executable_path/Frameworks",
				);
				MARKETING_VERSION = 1.0;
				PRODUCT_BUNDLE_IDENTIFIER = com.dahye.StudyWeek6;
				PRODUCT_NAME = "$(TARGET_NAME)";
				SUPPORTED_PLATFORMS = "iphoneos iphonesimulator";
				SUPPORTS_MACCATALYST = NO;
				SUPPORTS_MAC_DESIGNED_FOR_IPHONE_IPAD = NO;
				SWIFT_EMIT_LOC_STRINGS = YES;
				SWIFT_VERSION = 5.0;
				TARGETED_DEVICE_FAMILY = 1;
			};
			name = Debug;
		};
		5326A4C92A930A1400A8BD4B /* Release */ = {
			isa = XCBuildConfiguration;
			buildSettings = {
				ASSETCATALOG_COMPILER_APPICON_NAME = AppIcon;
				ASSETCATALOG_COMPILER_GLOBAL_ACCENT_COLOR_NAME = AccentColor;
				CODE_SIGN_STYLE = Automatic;
				CURRENT_PROJECT_VERSION = 1;
				DEVELOPMENT_TEAM = KLYH4UN5ZC;
				GENERATE_INFOPLIST_FILE = YES;
				INFOPLIST_FILE = StudyWeek6/Info.plist;
				INFOPLIST_KEY_NSLocationWhenInUseUsageDescription = "필요";
				INFOPLIST_KEY_UIApplicationSupportsIndirectInputEvents = YES;
				INFOPLIST_KEY_UILaunchStoryboardName = LaunchScreen;
				INFOPLIST_KEY_UIMainStoryboardFile = Main;
				INFOPLIST_KEY_UISupportedInterfaceOrientations_iPad = "UIInterfaceOrientationPortrait UIInterfaceOrientationPortraitUpsideDown UIInterfaceOrientationLandscapeLeft UIInterfaceOrientationLandscapeRight";
				INFOPLIST_KEY_UISupportedInterfaceOrientations_iPhone = "UIInterfaceOrientationPortrait UIInterfaceOrientationLandscapeLeft UIInterfaceOrientationLandscapeRight";
				LD_RUNPATH_SEARCH_PATHS = (
					"$(inherited)",
					"@executable_path/Frameworks",
				);
				MARKETING_VERSION = 1.0;
				PRODUCT_BUNDLE_IDENTIFIER = com.dahye.StudyWeek6;
				PRODUCT_NAME = "$(TARGET_NAME)";
				SUPPORTED_PLATFORMS = "iphoneos iphonesimulator";
				SUPPORTS_MACCATALYST = NO;
				SUPPORTS_MAC_DESIGNED_FOR_IPHONE_IPAD = NO;
				SWIFT_EMIT_LOC_STRINGS = YES;
				SWIFT_VERSION = 5.0;
				TARGETED_DEVICE_FAMILY = 1;
			};
			name = Release;
		};
/* End XCBuildConfiguration section */

/* Begin XCConfigurationList section */
		5326A4AE2A930A1200A8BD4B /* Build configuration list for PBXProject "StudyWeek6" */ = {
			isa = XCConfigurationList;
			buildConfigurations = (
				5326A4C52A930A1400A8BD4B /* Debug */,
				5326A4C62A930A1400A8BD4B /* Release */,
			);
			defaultConfigurationIsVisible = 0;
			defaultConfigurationName = Release;
		};
		5326A4C72A930A1400A8BD4B /* Build configuration list for PBXNativeTarget "StudyWeek6" */ = {
			isa = XCConfigurationList;
			buildConfigurations = (
				5326A4C82A930A1400A8BD4B /* Debug */,
				5326A4C92A930A1400A8BD4B /* Release */,
			);
			defaultConfigurationIsVisible = 0;
			defaultConfigurationName = Release;
		};
/* End XCConfigurationList section */

/* Begin XCRemoteSwiftPackageReference section */
		5326A4CC2A94461B00A8BD4B /* XCRemoteSwiftPackageReference "SnapKit" */ = {
			isa = XCRemoteSwiftPackageReference;
			repositoryURL = "https://github.com/SnapKit/SnapKit.git";
			requirement = {
				kind = upToNextMajorVersion;
				minimumVersion = 5.0.0;
			};
		};
/* End XCRemoteSwiftPackageReference section */

/* Begin XCSwiftPackageProductDependency section */
		5326A4CD2A94461B00A8BD4B /* SnapKit */ = {
			isa = XCSwiftPackageProductDependency;
			package = 5326A4CC2A94461B00A8BD4B /* XCRemoteSwiftPackageReference "SnapKit" */;
			productName = SnapKit;
		};
/* End XCSwiftPackageProductDependency section */
	};
	rootObject = 5326A4AB2A930A1200A8BD4B /* Project object */;
}
